# This file is automatically @generated by Cargo.
# It is not intended for manual editing.
version = 4

[[package]]
name = "four-char-code"
version = "0.0.5"
source = "registry+https://github.com/rust-lang/crates.io-index"
checksum = "218eede41577c58d67dd46b69b34cfa77f8e8a0d0855cb19b871ba0c72d7a592"
dependencies = [
 "four-char-code-macros-impl",
 "proc-macro-hack",
]

[[package]]
name = "four-char-code-macros-impl"
version = "0.0.2"
source = "registry+https://github.com/rust-lang/crates.io-index"
checksum = "3b68241502ba3f9eabc33876101f18c1488b544fa9f51e53bc02d17b481df135"
dependencies = [
 "proc-macro-hack",
 "quote",
 "syn",
]

[[package]]
name = "kim_temp"
version = "0.1.0"
dependencies = [
 "four-char-code",
 "smc",
]

[[package]]
name = "lazy_static"
version = "1.5.0"
source = "registry+https://github.com/rust-lang/crates.io-index"
checksum = "bbd2bcb4c963f2ddae06a2efc7e9f3591312473c50c6685e1f298068316e66fe"

[[package]]
name = "libc"
version = "0.2.178"
source = "registry+https://github.com/rust-lang/crates.io-index"
checksum = "37c93d8daa9d8a012fd8ab92f088405fb202ea0b6ab73ee2482ae66af4f42091"

[[package]]
name = "proc-macro-hack"
version = "0.5.20+deprecated"
source = "registry+https://github.com/rust-lang/crates.io-index"
checksum = "dc375e1527247fe1a97d8b7156678dfe7c1af2fc075c9a4db3690ecd2a148068"

[[package]]
name = "proc-macro2"
version = "0.4.30"
source = "registry+https://github.com/rust-lang/crates.io-index"
checksum = "cf3d2011ab5c909338f7887f4fc896d35932e29146c12c8d01da6b22a80ba759"
dependencies = [
 "unicode-xid",
]

[[package]]
name = "quote"
version = "0.6.13"
source = "registry+https://github.com/rust-lang/crates.io-index"
checksum = "6ce23b6b870e8f94f81fb0a363d65d86675884b34a09043c81e5562f11c1f8e1"
dependencies = [
 "proc-macro2",
]

[[package]]
name = "smc"
version = "0.2.4"
source = "registry+https://github.com/rust-lang/crates.io-index"
checksum = "7128ad1af3dd7a47c5fa97b4dc570df098eda12cc63364c38e0e44e4987359b6"
dependencies = [
 "four-char-code",
 "lazy_static",
 "libc",
]

[[package]]
name = "syn"
version = "0.15.44"
source = "registry+https://github.com/rust-lang/crates.io-index"
checksum = "9ca4b3b69a77cbe1ffc9e198781b7acb0c7365a883670e8f1c1bc66fba79a5c5"
dependencies = [
 "proc-macro2",
 "quote",
 "unicode-xid",
]

[[package]]
name = "unicode-xid"
version = "0.1.0"
source = "registry+https://github.com/rust-lang/crates.io-index"
checksum = "fc72304796d0818e357ead4e000d19c9c174ab23dc11093ac919054d20a6a7fc"
